// !$*UTF8*$!
{
	archiveVersion = 1;
	classes = {
	};
	objectVersion = 46;
	objects = {

/* Begin PBXBuildFile section */
		447023A85A15324FF2888752 /* libPods-STImgPickerC.a in Frameworks */ = {isa = PBXBuildFile; fileRef = 0EFD8597E0182E8D9BB2DF61 /* libPods-STImgPickerC.a */; };
		9E4A51EA1E865F5F0086AB10 /* STBaseViewC.m in Sources */ = {isa = PBXBuildFile; fileRef = 9E4A51E91E865F5F0086AB10 /* STBaseViewC.m */; };
		9E4A51EE1E86681B0086AB10 /* STRefresh.m in Sources */ = {isa = PBXBuildFile; fileRef = 9E4A51ED1E86681B0086AB10 /* STRefresh.m */; };
		9E50A2BC1E8946C300C48947 /* STImgPickerBaseViewC.m in Sources */ = {isa = PBXBuildFile; fileRef = 9E50A2BB1E8946C300C48947 /* STImgPickerBaseViewC.m */; };
		9E50A2C01E89488D00C48947 /* STPopMenuManager.m in Sources */ = {isa = PBXBuildFile; fileRef = 9E50A2BF1E89488D00C48947 /* STPopMenuManager.m */; };
		9E50A2CB1E89499B00C48947 /* HyPopMenuView.m in Sources */ = {isa = PBXBuildFile; fileRef = 9E50A2C31E89499B00C48947 /* HyPopMenuView.m */; };
		9E50A2CC1E89499B00C48947 /* PopMenuButton.m in Sources */ = {isa = PBXBuildFile; fileRef = 9E50A2C61E89499B00C48947 /* PopMenuButton.m */; };
		9E50A2CD1E89499B00C48947 /* PopMenuModel.m in Sources */ = {isa = PBXBuildFile; fileRef = 9E50A2C81E89499B00C48947 /* PopMenuModel.m */; };
		9E50A2CE1E89499B00C48947 /* UIColor+ImageGetColor.m in Sources */ = {isa = PBXBuildFile; fileRef = 9E50A2CA1E89499B00C48947 /* UIColor+ImageGetColor.m */; };
		9E50A2DB1E895C1200C48947 /* STSystemPickerShowViewC.m in Sources */ = {isa = PBXBuildFile; fileRef = 9E50A2D91E895C1200C48947 /* STSystemPickerShowViewC.m */; };
		9E50A2DC1E895C1200C48947 /* STSystemPickerShowViewC.xib in Resources */ = {isa = PBXBuildFile; fileRef = 9E50A2DA1E895C1200C48947 /* STSystemPickerShowViewC.xib */; };
		9E50A2E01E895C8100C48947 /* STBaseView.m in Sources */ = {isa = PBXBuildFile; fileRef = 9E50A2DF1E895C8100C48947 /* STBaseView.m */; };
		9E50A2EA1E89614A00C48947 /* STNavView.m in Sources */ = {isa = PBXBuildFile; fileRef = 9E50A2E81E89614A00C48947 /* STNavView.m */; };
		9EDA9D061E770124008317D3 /* main.m in Sources */ = {isa = PBXBuildFile; fileRef = 9EDA9D051E770124008317D3 /* main.m */; };
		9EDA9D091E770124008317D3 /* AppDelegate.m in Sources */ = {isa = PBXBuildFile; fileRef = 9EDA9D081E770124008317D3 /* AppDelegate.m */; };
		9EDA9D0C1E770124008317D3 /* ViewController.m in Sources */ = {isa = PBXBuildFile; fileRef = 9EDA9D0B1E770124008317D3 /* ViewController.m */; };
		9EDA9D0F1E770124008317D3 /* Main.storyboard in Resources */ = {isa = PBXBuildFile; fileRef = 9EDA9D0D1E770124008317D3 /* Main.storyboard */; };
		9EDA9D111E770124008317D3 /* Assets.xcassets in Resources */ = {isa = PBXBuildFile; fileRef = 9EDA9D101E770124008317D3 /* Assets.xcassets */; };
		9EDA9D141E770124008317D3 /* LaunchScreen.storyboard in Resources */ = {isa = PBXBuildFile; fileRef = 9EDA9D121E770124008317D3 /* LaunchScreen.storyboard */; };
		9EDA9D1F1E770125008317D3 /* STImgPickerCTests.m in Sources */ = {isa = PBXBuildFile; fileRef = 9EDA9D1E1E770125008317D3 /* STImgPickerCTests.m */; };
		9EDA9D2A1E770125008317D3 /* STImgPickerCUITests.m in Sources */ = {isa = PBXBuildFile; fileRef = 9EDA9D291E770125008317D3 /* STImgPickerCUITests.m */; };
		9EE7F8F91E8A5A6F00A23D89 /* STTableViewBaseView.m in Sources */ = {isa = PBXBuildFile; fileRef = 9EE7F8F81E8A5A6F00A23D89 /* STTableViewBaseView.m */; };
		9EE7F8FC1E8A5A9000A23D89 /* STTableViewBaseCell.m in Sources */ = {isa = PBXBuildFile; fileRef = 9EE7F8FB1E8A5A9000A23D89 /* STTableViewBaseCell.m */; };
		9EE7F9001E8A5BDA00A23D89 /* STNavView.xib in Resources */ = {isa = PBXBuildFile; fileRef = 9EE7F8FF1E8A5BDA00A23D89 /* STNavView.xib */; };
/* End PBXBuildFile section */

/* Begin PBXContainerItemProxy section */
		9EDA9D1B1E770125008317D3 /* PBXContainerItemProxy */ = {
			isa = PBXContainerItemProxy;
			containerPortal = 9EDA9CF91E770124008317D3 /* Project object */;
			proxyType = 1;
			remoteGlobalIDString = 9EDA9D001E770124008317D3;
			remoteInfo = STImgPickerC;
		};
		9EDA9D261E770125008317D3 /* PBXContainerItemProxy */ = {
			isa = PBXContainerItemProxy;
			containerPortal = 9EDA9CF91E770124008317D3 /* Project object */;
			proxyType = 1;
			remoteGlobalIDString = 9EDA9D001E770124008317D3;
			remoteInfo = STImgPickerC;
		};
/* End PBXContainerItemProxy section */

/* Begin PBXFileReference section */
		0EFD8597E0182E8D9BB2DF61 /* libPods-STImgPickerC.a */ = {isa = PBXFileReference; explicitFileType = archive.ar; includeInIndex = 0; path = "libPods-STImgPickerC.a"; sourceTree = BUILT_PRODUCTS_DIR; };
		0F1FBB4434AF43A55045ED90 /* Pods-STImgPickerC.release.xcconfig */ = {isa = PBXFileReference; includeInIndex = 1; lastKnownFileType = text.xcconfig; name = "Pods-STImgPickerC.release.xcconfig"; path = "Pods/Target Support Files/Pods-STImgPickerC/Pods-STImgPickerC.release.xcconfig"; sourceTree = "<group>"; };
		5830F93B301A5A4EE3BCF3D6 /* Pods-STImgPickerC.debug.xcconfig */ = {isa = PBXFileReference; includeInIndex = 1; lastKnownFileType = text.xcconfig; name = "Pods-STImgPickerC.debug.xcconfig"; path = "Pods/Target Support Files/Pods-STImgPickerC/Pods-STImgPickerC.debug.xcconfig"; sourceTree = "<group>"; };
		9E09054B1E7835D50038AB09 /* STImgPickerCPch.pch */ = {isa = PBXFileReference; fileEncoding = 4; lastKnownFileType = sourcecode.c.h; path = STImgPickerCPch.pch; sourceTree = "<group>"; };
		9E4A51E81E865F5F0086AB10 /* STBaseViewC.h */ = {isa = PBXFileReference; fileEncoding = 4; lastKnownFileType = sourcecode.c.h; path = STBaseViewC.h; sourceTree = "<group>"; };
		9E4A51E91E865F5F0086AB10 /* STBaseViewC.m */ = {isa = PBXFileReference; fileEncoding = 4; lastKnownFileType = sourcecode.c.objc; path = STBaseViewC.m; sourceTree = "<group>"; };
		9E4A51EC1E86681B0086AB10 /* STRefresh.h */ = {isa = PBXFileReference; fileEncoding = 4; lastKnownFileType = sourcecode.c.h; path = STRefresh.h; sourceTree = "<group>"; };
		9E4A51ED1E86681B0086AB10 /* STRefresh.m */ = {isa = PBXFileReference; fileEncoding = 4; lastKnownFileType = sourcecode.c.objc; path = STRefresh.m; sourceTree = "<group>"; };
		9E50A2BA1E8946C300C48947 /* STImgPickerBaseViewC.h */ = {isa = PBXFileReference; fileEncoding = 4; lastKnownFileType = sourcecode.c.h; path = STImgPickerBaseViewC.h; sourceTree = "<group>"; };
		9E50A2BB1E8946C300C48947 /* STImgPickerBaseViewC.m */ = {isa = PBXFileReference; fileEncoding = 4; lastKnownFileType = sourcecode.c.objc; path = STImgPickerBaseViewC.m; sourceTree = "<group>"; };
		9E50A2BE1E89488D00C48947 /* STPopMenuManager.h */ = {isa = PBXFileReference; fileEncoding = 4; lastKnownFileType = sourcecode.c.h; path = STPopMenuManager.h; sourceTree = "<group>"; };
		9E50A2BF1E89488D00C48947 /* STPopMenuManager.m */ = {isa = PBXFileReference; fileEncoding = 4; lastKnownFileType = sourcecode.c.objc; path = STPopMenuManager.m; sourceTree = "<group>"; };
		9E50A2C21E89499B00C48947 /* HyPopMenuView.h */ = {isa = PBXFileReference; fileEncoding = 4; lastKnownFileType = sourcecode.c.h; path = HyPopMenuView.h; sourceTree = "<group>"; };
		9E50A2C31E89499B00C48947 /* HyPopMenuView.m */ = {isa = PBXFileReference; fileEncoding = 4; lastKnownFileType = sourcecode.c.objc; path = HyPopMenuView.m; sourceTree = "<group>"; };
		9E50A2C41E89499B00C48947 /* HyPopMenuViewDelegate.h */ = {isa = PBXFileReference; fileEncoding = 4; lastKnownFileType = sourcecode.c.h; path = HyPopMenuViewDelegate.h; sourceTree = "<group>"; };
		9E50A2C51E89499B00C48947 /* PopMenuButton.h */ = {isa = PBXFileReference; fileEncoding = 4; lastKnownFileType = sourcecode.c.h; path = PopMenuButton.h; sourceTree = "<group>"; };
		9E50A2C61E89499B00C48947 /* PopMenuButton.m */ = {isa = PBXFileReference; fileEncoding = 4; lastKnownFileType = sourcecode.c.objc; path = PopMenuButton.m; sourceTree = "<group>"; };
		9E50A2C71E89499B00C48947 /* PopMenuModel.h */ = {isa = PBXFileReference; fileEncoding = 4; lastKnownFileType = sourcecode.c.h; path = PopMenuModel.h; sourceTree = "<group>"; };
		9E50A2C81E89499B00C48947 /* PopMenuModel.m */ = {isa = PBXFileReference; fileEncoding = 4; lastKnownFileType = sourcecode.c.objc; path = PopMenuModel.m; sourceTree = "<group>"; };
		9E50A2C91E89499B00C48947 /* UIColor+ImageGetColor.h */ = {isa = PBXFileReference; fileEncoding = 4; lastKnownFileType = sourcecode.c.h; path = "UIColor+ImageGetColor.h"; sourceTree = "<group>"; };
		9E50A2CA1E89499B00C48947 /* UIColor+ImageGetColor.m */ = {isa = PBXFileReference; fileEncoding = 4; lastKnownFileType = sourcecode.c.objc; path = "UIColor+ImageGetColor.m"; sourceTree = "<group>"; };
		9E50A2D81E895C1200C48947 /* STSystemPickerShowViewC.h */ = {isa = PBXFileReference; fileEncoding = 4; lastKnownFileType = sourcecode.c.h; path = STSystemPickerShowViewC.h; sourceTree = "<group>"; };
		9E50A2D91E895C1200C48947 /* STSystemPickerShowViewC.m */ = {isa = PBXFileReference; fileEncoding = 4; lastKnownFileType = sourcecode.c.objc; path = STSystemPickerShowViewC.m; sourceTree = "<group>"; };
		9E50A2DA1E895C1200C48947 /* STSystemPickerShowViewC.xib */ = {isa = PBXFileReference; fileEncoding = 4; lastKnownFileType = file.xib; path = STSystemPickerShowViewC.xib; sourceTree = "<group>"; };
		9E50A2DE1E895C8100C48947 /* STBaseView.h */ = {isa = PBXFileReference; fileEncoding = 4; lastKnownFileType = sourcecode.c.h; path = STBaseView.h; sourceTree = "<group>"; };
		9E50A2DF1E895C8100C48947 /* STBaseView.m */ = {isa = PBXFileReference; fileEncoding = 4; lastKnownFileType = sourcecode.c.objc; path = STBaseView.m; sourceTree = "<group>"; };
		9E50A2E71E89614A00C48947 /* STNavView.h */ = {isa = PBXFileReference; fileEncoding = 4; lastKnownFileType = sourcecode.c.h; path = STNavView.h; sourceTree = "<group>"; };
		9E50A2E81E89614A00C48947 /* STNavView.m */ = {isa = PBXFileReference; fileEncoding = 4; lastKnownFileType = sourcecode.c.objc; path = STNavView.m; sourceTree = "<group>"; };
		9EDA9D011E770124008317D3 /* STImgPickerC.app */ = {isa = PBXFileReference; explicitFileType = wrapper.application; includeInIndex = 0; path = STImgPickerC.app; sourceTree = BUILT_PRODUCTS_DIR; };
		9EDA9D051E770124008317D3 /* main.m */ = {isa = PBXFileReference; lastKnownFileType = sourcecode.c.objc; path = main.m; sourceTree = "<group>"; };
		9EDA9D071E770124008317D3 /* AppDelegate.h */ = {isa = PBXFileReference; lastKnownFileType = sourcecode.c.h; path = AppDelegate.h; sourceTree = "<group>"; };
		9EDA9D081E770124008317D3 /* AppDelegate.m */ = {isa = PBXFileReference; lastKnownFileType = sourcecode.c.objc; path = AppDelegate.m; sourceTree = "<group>"; };
		9EDA9D0A1E770124008317D3 /* ViewController.h */ = {isa = PBXFileReference; lastKnownFileType = sourcecode.c.h; path = ViewController.h; sourceTree = "<group>"; };
		9EDA9D0B1E770124008317D3 /* ViewController.m */ = {isa = PBXFileReference; lastKnownFileType = sourcecode.c.objc; path = ViewController.m; sourceTree = "<group>"; };
		9EDA9D0E1E770124008317D3 /* Base */ = {isa = PBXFileReference; lastKnownFileType = file.storyboard; name = Base; path = Base.lproj/Main.storyboard; sourceTree = "<group>"; };
		9EDA9D101E770124008317D3 /* Assets.xcassets */ = {isa = PBXFileReference; lastKnownFileType = folder.assetcatalog; path = Assets.xcassets; sourceTree = "<group>"; };
		9EDA9D131E770124008317D3 /* Base */ = {isa = PBXFileReference; lastKnownFileType = file.storyboard; name = Base; path = Base.lproj/LaunchScreen.storyboard; sourceTree = "<group>"; };
		9EDA9D151E770124008317D3 /* Info.plist */ = {isa = PBXFileReference; lastKnownFileType = text.plist.xml; path = Info.plist; sourceTree = "<group>"; };
		9EDA9D1A1E770125008317D3 /* STImgPickerCTests.xctest */ = {isa = PBXFileReference; explicitFileType = wrapper.cfbundle; includeInIndex = 0; path = STImgPickerCTests.xctest; sourceTree = BUILT_PRODUCTS_DIR; };
		9EDA9D1E1E770125008317D3 /* STImgPickerCTests.m */ = {isa = PBXFileReference; lastKnownFileType = sourcecode.c.objc; path = STImgPickerCTests.m; sourceTree = "<group>"; };
		9EDA9D201E770125008317D3 /* Info.plist */ = {isa = PBXFileReference; lastKnownFileType = text.plist.xml; path = Info.plist; sourceTree = "<group>"; };
		9EDA9D251E770125008317D3 /* STImgPickerCUITests.xctest */ = {isa = PBXFileReference; explicitFileType = wrapper.cfbundle; includeInIndex = 0; path = STImgPickerCUITests.xctest; sourceTree = BUILT_PRODUCTS_DIR; };
		9EDA9D291E770125008317D3 /* STImgPickerCUITests.m */ = {isa = PBXFileReference; lastKnownFileType = sourcecode.c.objc; path = STImgPickerCUITests.m; sourceTree = "<group>"; };
		9EDA9D2B1E770125008317D3 /* Info.plist */ = {isa = PBXFileReference; lastKnownFileType = text.plist.xml; path = Info.plist; sourceTree = "<group>"; };
		9EE7F8F71E8A5A6F00A23D89 /* STTableViewBaseView.h */ = {isa = PBXFileReference; fileEncoding = 4; lastKnownFileType = sourcecode.c.h; path = STTableViewBaseView.h; sourceTree = "<group>"; };
		9EE7F8F81E8A5A6F00A23D89 /* STTableViewBaseView.m */ = {isa = PBXFileReference; fileEncoding = 4; lastKnownFileType = sourcecode.c.objc; path = STTableViewBaseView.m; sourceTree = "<group>"; };
		9EE7F8FA1E8A5A9000A23D89 /* STTableViewBaseCell.h */ = {isa = PBXFileReference; fileEncoding = 4; lastKnownFileType = sourcecode.c.h; path = STTableViewBaseCell.h; sourceTree = "<group>"; };
		9EE7F8FB1E8A5A9000A23D89 /* STTableViewBaseCell.m */ = {isa = PBXFileReference; fileEncoding = 4; lastKnownFileType = sourcecode.c.objc; path = STTableViewBaseCell.m; sourceTree = "<group>"; };
		9EE7F8FF1E8A5BDA00A23D89 /* STNavView.xib */ = {isa = PBXFileReference; fileEncoding = 4; lastKnownFileType = file.xib; name = STNavView.xib; path = ../../../../../../../Desktop/STNavView.xib; sourceTree = "<group>"; };
/* End PBXFileReference section */

/* Begin PBXFrameworksBuildPhase section */
		9EDA9CFE1E770124008317D3 /* Frameworks */ = {
			isa = PBXFrameworksBuildPhase;
			buildActionMask = 2147483647;
			files = (
				447023A85A15324FF2888752 /* libPods-STImgPickerC.a in Frameworks */,
			);
			runOnlyForDeploymentPostprocessing = 0;
		};
		9EDA9D171E770125008317D3 /* Frameworks */ = {
			isa = PBXFrameworksBuildPhase;
			buildActionMask = 2147483647;
			files = (
			);
			runOnlyForDeploymentPostprocessing = 0;
		};
		9EDA9D221E770125008317D3 /* Frameworks */ = {
			isa = PBXFrameworksBuildPhase;
			buildActionMask = 2147483647;
			files = (
			);
			runOnlyForDeploymentPostprocessing = 0;
		};
/* End PBXFrameworksBuildPhase section */

/* Begin PBXGroup section */
		8C6D44F234C496ECE0B44D04 /* Pods */ = {
			isa = PBXGroup;
			children = (
				5830F93B301A5A4EE3BCF3D6 /* Pods-STImgPickerC.debug.xcconfig */,
				0F1FBB4434AF43A55045ED90 /* Pods-STImgPickerC.release.xcconfig */,
			);
			name = Pods;
			sourceTree = "<group>";
		};
		9E09054A1E7835BA0038AB09 /* STImgPickerCPch */ = {
			isa = PBXGroup;
			children = (
				9E09054B1E7835D50038AB09 /* STImgPickerCPch.pch */,
			);
			path = STImgPickerCPch;
			sourceTree = "<group>";
		};
		9E09054C1E783F090038AB09 /* STPhoto */ = {
			isa = PBXGroup;
			children = (
			);
			path = STPhoto;
			sourceTree = "<group>";
		};
		9E09054D1E783F240038AB09 /* STVideo */ = {
			isa = PBXGroup;
			children = (
			);
			path = STVideo;
			sourceTree = "<group>";
		};
		9E4A51E41E865EF40086AB10 /* STShowViewC */ = {
			isa = PBXGroup;
			children = (
			);
			path = STShowViewC;
			sourceTree = "<group>";
		};
		9E4A51E51E865F270086AB10 /* STUI */ = {
			isa = PBXGroup;
			children = (
				9E50A2E51E89613F00C48947 /* STView */,
				9E50A2C11E89498E00C48947 /* STPopUI */,
				9E4A51EB1E8667FB0086AB10 /* STRefresh */,
				9E4A51E61E865F340086AB10 /* STBase */,
			);
			path = STUI;
			sourceTree = "<group>";
		};
		9E4A51E61E865F340086AB10 /* STBase */ = {
			isa = PBXGroup;
			children = (
				9EE7F8F41E8A5A3600A23D89 /* STTableViewBase */,
				9E50A2DD1E895C6400C48947 /* STBaseView */,
				9E50A2B91E8946B400C48947 /* STImgPickerBaseViewC */,
				9E4A51E71E865F4B0086AB10 /* STBaseViewC */,
			);
			path = STBase;
			sourceTree = "<group>";
		};
		9E4A51E71E865F4B0086AB10 /* STBaseViewC */ = {
			isa = PBXGroup;
			children = (
				9E4A51E81E865F5F0086AB10 /* STBaseViewC.h */,
				9E4A51E91E865F5F0086AB10 /* STBaseViewC.m */,
			);
			path = STBaseViewC;
			sourceTree = "<group>";
		};
		9E4A51EB1E8667FB0086AB10 /* STRefresh */ = {
			isa = PBXGroup;
			children = (
				9E4A51EC1E86681B0086AB10 /* STRefresh.h */,
				9E4A51ED1E86681B0086AB10 /* STRefresh.m */,
			);
			path = STRefresh;
			sourceTree = "<group>";
		};
		9E50A2B91E8946B400C48947 /* STImgPickerBaseViewC */ = {
			isa = PBXGroup;
			children = (
				9E50A2BA1E8946C300C48947 /* STImgPickerBaseViewC.h */,
				9E50A2BB1E8946C300C48947 /* STImgPickerBaseViewC.m */,
			);
			path = STImgPickerBaseViewC;
			sourceTree = "<group>";
		};
		9E50A2BD1E89487A00C48947 /* STPopMenuManager */ = {
			isa = PBXGroup;
			children = (
				9E50A2BE1E89488D00C48947 /* STPopMenuManager.h */,
				9E50A2BF1E89488D00C48947 /* STPopMenuManager.m */,
			);
			path = STPopMenuManager;
			sourceTree = "<group>";
		};
		9E50A2C11E89498E00C48947 /* STPopUI */ = {
			isa = PBXGroup;
			children = (
				9E50A2C21E89499B00C48947 /* HyPopMenuView.h */,
				9E50A2C31E89499B00C48947 /* HyPopMenuView.m */,
				9E50A2C41E89499B00C48947 /* HyPopMenuViewDelegate.h */,
				9E50A2C51E89499B00C48947 /* PopMenuButton.h */,
				9E50A2C61E89499B00C48947 /* PopMenuButton.m */,
				9E50A2C71E89499B00C48947 /* PopMenuModel.h */,
				9E50A2C81E89499B00C48947 /* PopMenuModel.m */,
				9E50A2C91E89499B00C48947 /* UIColor+ImageGetColor.h */,
				9E50A2CA1E89499B00C48947 /* UIColor+ImageGetColor.m */,
			);
			path = STPopUI;
			sourceTree = "<group>";
		};
		9E50A2D61E895C0C00C48947 /* STSystemPickerShow */ = {
			isa = PBXGroup;
			children = (
				9E50A2D71E895C1200C48947 /* STSystemPickerShowViewC */,
			);
			path = STSystemPickerShow;
			sourceTree = "<group>";
		};
		9E50A2D71E895C1200C48947 /* STSystemPickerShowViewC */ = {
			isa = PBXGroup;
			children = (
				9E50A2D81E895C1200C48947 /* STSystemPickerShowViewC.h */,
				9E50A2D91E895C1200C48947 /* STSystemPickerShowViewC.m */,
				9E50A2DA1E895C1200C48947 /* STSystemPickerShowViewC.xib */,
			);
			path = STSystemPickerShowViewC;
			sourceTree = "<group>";
		};
		9E50A2DD1E895C6400C48947 /* STBaseView */ = {
			isa = PBXGroup;
			children = (
				9E50A2DE1E895C8100C48947 /* STBaseView.h */,
				9E50A2DF1E895C8100C48947 /* STBaseView.m */,
			);
			path = STBaseView;
			sourceTree = "<group>";
		};
		9E50A2E51E89613F00C48947 /* STView */ = {
			isa = PBXGroup;
			children = (
				9E50A2E61E89614A00C48947 /* STNavView */,
			);
			path = STView;
			sourceTree = "<group>";
		};
		9E50A2E61E89614A00C48947 /* STNavView */ = {
			isa = PBXGroup;
			children = (
				9EE7F8FF1E8A5BDA00A23D89 /* STNavView.xib */,
				9E50A2E71E89614A00C48947 /* STNavView.h */,
				9E50A2E81E89614A00C48947 /* STNavView.m */,
			);
			path = STNavView;
			sourceTree = "<group>";
		};
		9E675B631E77037200FCEA79 /* STCommon */ = {
			isa = PBXGroup;
			children = (
				9E4A51E51E865F270086AB10 /* STUI */,
				9EE9FD6F1E7AE59200A1A9A2 /* STTool */,
			);
			path = STCommon;
			sourceTree = "<group>";
		};
		9E675B7C1E7707C300FCEA79 /* STShowThird */ = {
			isa = PBXGroup;
			children = (
			);
			path = STShowThird;
			sourceTree = "<group>";
		};
		9EDA9CF81E770124008317D3 = {
			isa = PBXGroup;
			children = (
				9EDA9D031E770124008317D3 /* STImgPickerC */,
				9EDA9D1D1E770125008317D3 /* STImgPickerCTests */,
				9EDA9D281E770125008317D3 /* STImgPickerCUITests */,
				9EDA9D021E770124008317D3 /* Products */,
				8C6D44F234C496ECE0B44D04 /* Pods */,
				AE585406A722600855FCB311 /* Frameworks */,
			);
			sourceTree = "<group>";
		};
		9EDA9D021E770124008317D3 /* Products */ = {
			isa = PBXGroup;
			children = (
				9EDA9D011E770124008317D3 /* STImgPickerC.app */,
				9EDA9D1A1E770125008317D3 /* STImgPickerCTests.xctest */,
				9EDA9D251E770125008317D3 /* STImgPickerCUITests.xctest */,
			);
			name = Products;
			sourceTree = "<group>";
		};
		9EDA9D031E770124008317D3 /* STImgPickerC */ = {
			isa = PBXGroup;
			children = (
				9E50A2D61E895C0C00C48947 /* STSystemPickerShow */,
				9E50A2BD1E89487A00C48947 /* STPopMenuManager */,
				9E4A51E41E865EF40086AB10 /* STShowViewC */,
				9E09054A1E7835BA0038AB09 /* STImgPickerCPch */,
				9E09054D1E783F240038AB09 /* STVideo */,
				9E09054C1E783F090038AB09 /* STPhoto */,
				9E675B7C1E7707C300FCEA79 /* STShowThird */,
				9E675B631E77037200FCEA79 /* STCommon */,
				9EDA9D071E770124008317D3 /* AppDelegate.h */,
				9EDA9D081E770124008317D3 /* AppDelegate.m */,
				9EDA9D0A1E770124008317D3 /* ViewController.h */,
				9EDA9D0B1E770124008317D3 /* ViewController.m */,
				9EDA9D0D1E770124008317D3 /* Main.storyboard */,
				9EDA9D101E770124008317D3 /* Assets.xcassets */,
				9EDA9D121E770124008317D3 /* LaunchScreen.storyboard */,
				9EDA9D151E770124008317D3 /* Info.plist */,
				9EDA9D041E770124008317D3 /* Supporting Files */,
			);
			path = STImgPickerC;
			sourceTree = "<group>";
		};
		9EDA9D041E770124008317D3 /* Supporting Files */ = {
			isa = PBXGroup;
			children = (
				9EDA9D051E770124008317D3 /* main.m */,
			);
			name = "Supporting Files";
			sourceTree = "<group>";
		};
		9EDA9D1D1E770125008317D3 /* STImgPickerCTests */ = {
			isa = PBXGroup;
			children = (
				9EDA9D1E1E770125008317D3 /* STImgPickerCTests.m */,
				9EDA9D201E770125008317D3 /* Info.plist */,
			);
			path = STImgPickerCTests;
			sourceTree = "<group>";
		};
		9EDA9D281E770125008317D3 /* STImgPickerCUITests */ = {
			isa = PBXGroup;
			children = (
				9EDA9D291E770125008317D3 /* STImgPickerCUITests.m */,
				9EDA9D2B1E770125008317D3 /* Info.plist */,
			);
			path = STImgPickerCUITests;
			sourceTree = "<group>";
		};
		9EE7F8F41E8A5A3600A23D89 /* STTableViewBase */ = {
			isa = PBXGroup;
			children = (
				9EE7F8F61E8A5A6000A23D89 /* STTableViewBaseView */,
				9EE7F8F51E8A5A4C00A23D89 /* STTableViewBaseCell */,
			);
			path = STTableViewBase;
			sourceTree = "<group>";
		};
		9EE7F8F51E8A5A4C00A23D89 /* STTableViewBaseCell */ = {
			isa = PBXGroup;
			children = (
				9EE7F8FA1E8A5A9000A23D89 /* STTableViewBaseCell.h */,
				9EE7F8FB1E8A5A9000A23D89 /* STTableViewBaseCell.m */,
			);
			path = STTableViewBaseCell;
			sourceTree = "<group>";
		};
		9EE7F8F61E8A5A6000A23D89 /* STTableViewBaseView */ = {
			isa = PBXGroup;
			children = (
				9EE7F8F71E8A5A6F00A23D89 /* STTableViewBaseView.h */,
				9EE7F8F81E8A5A6F00A23D89 /* STTableViewBaseView.m */,
			);
			path = STTableViewBaseView;
			sourceTree = "<group>";
		};
		9EE9FD6F1E7AE59200A1A9A2 /* STTool */ = {
			isa = PBXGroup;
			children = (
			);
			path = STTool;
			sourceTree = "<group>";
		};
		AE585406A722600855FCB311 /* Frameworks */ = {
			isa = PBXGroup;
			children = (
				0EFD8597E0182E8D9BB2DF61 /* libPods-STImgPickerC.a */,
			);
			name = Frameworks;
			sourceTree = "<group>";
		};
/* End PBXGroup section */

/* Begin PBXNativeTarget section */
		9EDA9D001E770124008317D3 /* STImgPickerC */ = {
			isa = PBXNativeTarget;
			buildConfigurationList = 9EDA9D2E1E770125008317D3 /* Build configuration list for PBXNativeTarget "STImgPickerC" */;
			buildPhases = (
				C724B68A1B2A9C0FD1DB05C1 /* [CP] Check Pods Manifest.lock */,
				9EDA9CFD1E770124008317D3 /* Sources */,
				9EDA9CFE1E770124008317D3 /* Frameworks */,
				9EDA9CFF1E770124008317D3 /* Resources */,
				8BAA9FFA83BFD6A11505C99C /* [CP] Embed Pods Frameworks */,
				C399DB5C41A2DBE572950996 /* [CP] Copy Pods Resources */,
			);
			buildRules = (
			);
			dependencies = (
			);
			name = STImgPickerC;
			productName = STImgPickerC;
			productReference = 9EDA9D011E770124008317D3 /* STImgPickerC.app */;
			productType = "com.apple.product-type.application";
		};
		9EDA9D191E770125008317D3 /* STImgPickerCTests */ = {
			isa = PBXNativeTarget;
			buildConfigurationList = 9EDA9D311E770125008317D3 /* Build configuration list for PBXNativeTarget "STImgPickerCTests" */;
			buildPhases = (
				9EDA9D161E770125008317D3 /* Sources */,
				9EDA9D171E770125008317D3 /* Frameworks */,
				9EDA9D181E770125008317D3 /* Resources */,
			);
			buildRules = (
			);
			dependencies = (
				9EDA9D1C1E770125008317D3 /* PBXTargetDependency */,
			);
			name = STImgPickerCTests;
			productName = STImgPickerCTests;
			productReference = 9EDA9D1A1E770125008317D3 /* STImgPickerCTests.xctest */;
			productType = "com.apple.product-type.bundle.unit-test";
		};
		9EDA9D241E770125008317D3 /* STImgPickerCUITests */ = {
			isa = PBXNativeTarget;
			buildConfigurationList = 9EDA9D341E770125008317D3 /* Build configuration list for PBXNativeTarget "STImgPickerCUITests" */;
			buildPhases = (
				9EDA9D211E770125008317D3 /* Sources */,
				9EDA9D221E770125008317D3 /* Frameworks */,
				9EDA9D231E770125008317D3 /* Resources */,
			);
			buildRules = (
			);
			dependencies = (
				9EDA9D271E770125008317D3 /* PBXTargetDependency */,
			);
			name = STImgPickerCUITests;
			productName = STImgPickerCUITests;
			productReference = 9EDA9D251E770125008317D3 /* STImgPickerCUITests.xctest */;
			productType = "com.apple.product-type.bundle.ui-testing";
		};
/* End PBXNativeTarget section */

/* Begin PBXProject section */
		9EDA9CF91E770124008317D3 /* Project object */ = {
			isa = PBXProject;
			attributes = {
				LastUpgradeCheck = 0820;
				ORGANIZATIONNAME = SlienceTeam;
				TargetAttributes = {
					9EDA9D001E770124008317D3 = {
						CreatedOnToolsVersion = 8.2.1;
						DevelopmentTeam = BKME25WU4F;
						ProvisioningStyle = Automatic;
					};
					9EDA9D191E770125008317D3 = {
						CreatedOnToolsVersion = 8.2.1;
						DevelopmentTeam = BKME25WU4F;
						ProvisioningStyle = Automatic;
						TestTargetID = 9EDA9D001E770124008317D3;
					};
					9EDA9D241E770125008317D3 = {
						CreatedOnToolsVersion = 8.2.1;
						DevelopmentTeam = BKME25WU4F;
						ProvisioningStyle = Automatic;
						TestTargetID = 9EDA9D001E770124008317D3;
					};
				};
			};
			buildConfigurationList = 9EDA9CFC1E770124008317D3 /* Build configuration list for PBXProject "STImgPickerC" */;
			compatibilityVersion = "Xcode 3.2";
			developmentRegion = English;
			hasScannedForEncodings = 0;
			knownRegions = (
				en,
				Base,
			);
			mainGroup = 9EDA9CF81E770124008317D3;
			productRefGroup = 9EDA9D021E770124008317D3 /* Products */;
			projectDirPath = "";
			projectRoot = "";
			targets = (
				9EDA9D001E770124008317D3 /* STImgPickerC */,
				9EDA9D191E770125008317D3 /* STImgPickerCTests */,
				9EDA9D241E770125008317D3 /* STImgPickerCUITests */,
			);
		};
/* End PBXProject section */

/* Begin PBXResourcesBuildPhase section */
		9EDA9CFF1E770124008317D3 /* Resources */ = {
			isa = PBXResourcesBuildPhase;
			buildActionMask = 2147483647;
			files = (
				9EDA9D141E770124008317D3 /* LaunchScreen.storyboard in Resources */,
				9E50A2DC1E895C1200C48947 /* STSystemPickerShowViewC.xib in Resources */,
				9EDA9D111E770124008317D3 /* Assets.xcassets in Resources */,
				9EDA9D0F1E770124008317D3 /* Main.storyboard in Resources */,
				9EE7F9001E8A5BDA00A23D89 /* STNavView.xib in Resources */,
			);
			runOnlyForDeploymentPostprocessing = 0;
		};
		9EDA9D181E770125008317D3 /* Resources */ = {
			isa = PBXResourcesBuildPhase;
			buildActionMask = 2147483647;
			files = (
			);
			runOnlyForDeploymentPostprocessing = 0;
		};
		9EDA9D231E770125008317D3 /* Resources */ = {
			isa = PBXResourcesBuildPhase;
			buildActionMask = 2147483647;
			files = (
			);
			runOnlyForDeploymentPostprocessing = 0;
		};
/* End PBXResourcesBuildPhase section */

/* Begin PBXShellScriptBuildPhase section */
		8BAA9FFA83BFD6A11505C99C /* [CP] Embed Pods Frameworks */ = {
			isa = PBXShellScriptBuildPhase;
			buildActionMask = 2147483647;
			files = (
			);
			inputPaths = (
			);
			name = "[CP] Embed Pods Frameworks";
			outputPaths = (
			);
			runOnlyForDeploymentPostprocessing = 0;
			shellPath = /bin/sh;
			shellScript = "\"${SRCROOT}/Pods/Target Support Files/Pods-STImgPickerC/Pods-STImgPickerC-frameworks.sh\"\n";
			showEnvVarsInLog = 0;
		};
		C399DB5C41A2DBE572950996 /* [CP] Copy Pods Resources */ = {
			isa = PBXShellScriptBuildPhase;
			buildActionMask = 2147483647;
			files = (
			);
			inputPaths = (
			);
			name = "[CP] Copy Pods Resources";
			outputPaths = (
			);
			runOnlyForDeploymentPostprocessing = 0;
			shellPath = /bin/sh;
			shellScript = "\"${SRCROOT}/Pods/Target Support Files/Pods-STImgPickerC/Pods-STImgPickerC-resources.sh\"\n";
			showEnvVarsInLog = 0;
		};
		C724B68A1B2A9C0FD1DB05C1 /* [CP] Check Pods Manifest.lock */ = {
			isa = PBXShellScriptBuildPhase;
			buildActionMask = 2147483647;
			files = (
			);
			inputPaths = (
			);
			name = "[CP] Check Pods Manifest.lock";
			outputPaths = (
			);
			runOnlyForDeploymentPostprocessing = 0;
			shellPath = /bin/sh;
			shellScript = "diff \"${PODS_ROOT}/../Podfile.lock\" \"${PODS_ROOT}/Manifest.lock\" > /dev/null\nif [ $? != 0 ] ; then\n    # print error to STDERR\n    echo \"error: The sandbox is not in sync with the Podfile.lock. Run 'pod install' or update your CocoaPods installation.\" >&2\n    exit 1\nfi\n";
			showEnvVarsInLog = 0;
		};
/* End PBXShellScriptBuildPhase section */

/* Begin PBXSourcesBuildPhase section */
		9EDA9CFD1E770124008317D3 /* Sources */ = {
			isa = PBXSourcesBuildPhase;
			buildActionMask = 2147483647;
			files = (
				9E50A2C01E89488D00C48947 /* STPopMenuManager.m in Sources */,
				9E50A2DB1E895C1200C48947 /* STSystemPickerShowViewC.m in Sources */,
				9E4A51EE1E86681B0086AB10 /* STRefresh.m in Sources */,
				9EE7F8F91E8A5A6F00A23D89 /* STTableViewBaseView.m in Sources */,
				9E50A2CC1E89499B00C48947 /* PopMenuButton.m in Sources */,
				9EE7F8FC1E8A5A9000A23D89 /* STTableViewBaseCell.m in Sources */,
				9E50A2CB1E89499B00C48947 /* HyPopMenuView.m in Sources */,
				9E50A2EA1E89614A00C48947 /* STNavView.m in Sources */,
				9E50A2E01E895C8100C48947 /* STBaseView.m in Sources */,
				9E50A2CD1E89499B00C48947 /* PopMenuModel.m in Sources */,
				9E4A51EA1E865F5F0086AB10 /* STBaseViewC.m in Sources */,
				9EDA9D0C1E770124008317D3 /* ViewController.m in Sources */,
				9EDA9D091E770124008317D3 /* AppDelegate.m in Sources */,
				9E50A2BC1E8946C300C48947 /* STImgPickerBaseViewC.m in Sources */,
				9EDA9D061E770124008317D3 /* main.m in Sources */,
				9E50A2CE1E89499B00C48947 /* UIColor+ImageGetColor.m in Sources */,
			);
			runOnlyForDeploymentPostprocessing = 0;
		};
		9EDA9D161E770125008317D3 /* Sources */ = {
			isa = PBXSourcesBuildPhase;
			buildActionMask = 2147483647;
			files = (
				9EDA9D1F1E770125008317D3 /* STImgPickerCTests.m in Sources */,
			);
			runOnlyForDeploymentPostprocessing = 0;
		};
		9EDA9D211E770125008317D3 /* Sources */ = {
			isa = PBXSourcesBuildPhase;
			buildActionMask = 2147483647;
			files = (
				9EDA9D2A1E770125008317D3 /* STImgPickerCUITests.m in Sources */,
			);
			runOnlyForDeploymentPostprocessing = 0;
		};
/* End PBXSourcesBuildPhase section */

/* Begin PBXTargetDependency section */
		9EDA9D1C1E770125008317D3 /* PBXTargetDependency */ = {
			isa = PBXTargetDependency;
			target = 9EDA9D001E770124008317D3 /* STImgPickerC */;
			targetProxy = 9EDA9D1B1E770125008317D3 /* PBXContainerItemProxy */;
		};
		9EDA9D271E770125008317D3 /* PBXTargetDependency */ = {
			isa = PBXTargetDependency;
			target = 9EDA9D001E770124008317D3 /* STImgPickerC */;
			targetProxy = 9EDA9D261E770125008317D3 /* PBXContainerItemProxy */;
		};
/* End PBXTargetDependency section */

/* Begin PBXVariantGroup section */
		9EDA9D0D1E770124008317D3 /* Main.storyboard */ = {
			isa = PBXVariantGroup;
			children = (
				9EDA9D0E1E770124008317D3 /* Base */,
			);
			name = Main.storyboard;
			sourceTree = "<group>";
		};
		9EDA9D121E770124008317D3 /* LaunchScreen.storyboard */ = {
			isa = PBXVariantGroup;
			children = (
				9EDA9D131E770124008317D3 /* Base */,
			);
			name = LaunchScreen.storyboard;
			sourceTree = "<group>";
		};
/* End PBXVariantGroup section */

/* Begin XCBuildConfiguration section */
		9EDA9D2C1E770125008317D3 /* Debug */ = {
			isa = XCBuildConfiguration;
			buildSettings = {
				ALWAYS_SEARCH_USER_PATHS = NO;
				CLANG_ANALYZER_NONNULL = YES;
				CLANG_CXX_LANGUAGE_STANDARD = "gnu++0x";
				CLANG_CXX_LIBRARY = "libc++";
				CLANG_ENABLE_MODULES = YES;
				CLANG_ENABLE_OBJC_ARC = YES;
				CLANG_WARN_BOOL_CONVERSION = YES;
				CLANG_WARN_CONSTANT_CONVERSION = YES;
				CLANG_WARN_DIRECT_OBJC_ISA_USAGE = YES_ERROR;
				CLANG_WARN_DOCUMENTATION_COMMENTS = YES;
				CLANG_WARN_EMPTY_BODY = YES;
				CLANG_WARN_ENUM_CONVERSION = YES;
				CLANG_WARN_INFINITE_RECURSION = YES;
				CLANG_WARN_INT_CONVERSION = YES;
				CLANG_WARN_OBJC_ROOT_CLASS = YES_ERROR;
				CLANG_WARN_SUSPICIOUS_MOVE = YES;
				CLANG_WARN_UNREACHABLE_CODE = YES;
				CLANG_WARN__DUPLICATE_METHOD_MATCH = YES;
				"CODE_SIGN_IDENTITY[sdk=iphoneos*]" = "iPhone Developer";
				COPY_PHASE_STRIP = NO;
				DEBUG_INFORMATION_FORMAT = dwarf;
				ENABLE_STRICT_OBJC_MSGSEND = YES;
				ENABLE_TESTABILITY = YES;
				GCC_C_LANGUAGE_STANDARD = gnu99;
				GCC_DYNAMIC_NO_PIC = NO;
				GCC_NO_COMMON_BLOCKS = YES;
				GCC_OPTIMIZATION_LEVEL = 0;
				GCC_PREPROCESSOR_DEFINITIONS = (
					"DEBUG=1",
					"$(inherited)",
				);
				GCC_WARN_64_TO_32_BIT_CONVERSION = YES;
				GCC_WARN_ABOUT_RETURN_TYPE = YES_ERROR;
				GCC_WARN_UNDECLARED_SELECTOR = YES;
				GCC_WARN_UNINITIALIZED_AUTOS = YES_AGGRESSIVE;
				GCC_WARN_UNUSED_FUNCTION = YES;
				GCC_WARN_UNUSED_VARIABLE = YES;
				IPHONEOS_DEPLOYMENT_TARGET = 10.2;
				MTL_ENABLE_DEBUG_INFO = YES;
				ONLY_ACTIVE_ARCH = YES;
				SDKROOT = iphoneos;
			};
			name = Debug;
		};
		9EDA9D2D1E770125008317D3 /* Release */ = {
			isa = XCBuildConfiguration;
			buildSettings = {
				ALWAYS_SEARCH_USER_PATHS = NO;
				CLANG_ANALYZER_NONNULL = YES;
				CLANG_CXX_LANGUAGE_STANDARD = "gnu++0x";
				CLANG_CXX_LIBRARY = "libc++";
				CLANG_ENABLE_MODULES = YES;
				CLANG_ENABLE_OBJC_ARC = YES;
				CLANG_WARN_BOOL_CONVERSION = YES;
				CLANG_WARN_CONSTANT_CONVERSION = YES;
				CLANG_WARN_DIRECT_OBJC_ISA_USAGE = YES_ERROR;
				CLANG_WARN_DOCUMENTATION_COMMENTS = YES;
				CLANG_WARN_EMPTY_BODY = YES;
				CLANG_WARN_ENUM_CONVERSION = YES;
				CLANG_WARN_INFINITE_RECURSION = YES;
				CLANG_WARN_INT_CONVERSION = YES;
				CLANG_WARN_OBJC_ROOT_CLASS = YES_ERROR;
				CLANG_WARN_SUSPICIOUS_MOVE = YES;
				CLANG_WARN_UNREACHABLE_CODE = YES;
				CLANG_WARN__DUPLICATE_METHOD_MATCH = YES;
				"CODE_SIGN_IDENTITY[sdk=iphoneos*]" = "iPhone Developer";
				COPY_PHASE_STRIP = NO;
				DEBUG_INFORMATION_FORMAT = "dwarf-with-dsym";
				ENABLE_NS_ASSERTIONS = NO;
				ENABLE_STRICT_OBJC_MSGSEND = YES;
				GCC_C_LANGUAGE_STANDARD = gnu99;
				GCC_NO_COMMON_BLOCKS = YES;
				GCC_WARN_64_TO_32_BIT_CONVERSION = YES;
				GCC_WARN_ABOUT_RETURN_TYPE = YES_ERROR;
				GCC_WARN_UNDECLARED_SELECTOR = YES;
				GCC_WARN_UNINITIALIZED_AUTOS = YES_AGGRESSIVE;
				GCC_WARN_UNUSED_FUNCTION = YES;
				GCC_WARN_UNUSED_VARIABLE = YES;
				IPHONEOS_DEPLOYMENT_TARGET = 10.2;
				MTL_ENABLE_DEBUG_INFO = NO;
				SDKROOT = iphoneos;
				VALIDATE_PRODUCT = YES;
			};
			name = Release;
		};
		9EDA9D2F1E770125008317D3 /* Debug */ = {
			isa = XCBuildConfiguration;
			baseConfigurationReference = 5830F93B301A5A4EE3BCF3D6 /* Pods-STImgPickerC.debug.xcconfig */;
			buildSettings = {
				ASSETCATALOG_COMPILER_APPICON_NAME = AppIcon;
				DEVELOPMENT_TEAM = BKME25WU4F;
				GCC_PRECOMPILE_PREFIX_HEADER = YES;
				GCC_PREFIX_HEADER = "$(SRCROOT)/STImgPickerC/STImgPickerCPch/STImgPickerCPch.pch";
				INFOPLIST_FILE = STImgPickerC/Info.plist;
				LD_RUNPATH_SEARCH_PATHS = "$(inherited) @executable_path/Frameworks";
				PRODUCT_BUNDLE_IDENTIFIER = QQ206321073.STImgPickerC;
				PRODUCT_NAME = "$(TARGET_NAME)";
			};
			name = Debug;
		};
		9EDA9D301E770125008317D3 /* Release */ = {
			isa = XCBuildConfiguration;
			baseConfigurationReference = 0F1FBB4434AF43A55045ED90 /* Pods-STImgPickerC.release.xcconfig */;
			buildSettings = {
				ASSETCATALOG_COMPILER_APPICON_NAME = AppIcon;
				DEVELOPMENT_TEAM = BKME25WU4F;
				GCC_PRECOMPILE_PREFIX_HEADER = YES;
				GCC_PREFIX_HEADER = "$(SRCROOT)/STImgPickerC/STImgPickerCPch/STImgPickerCPch.pch";
				INFOPLIST_FILE = STImgPickerC/Info.plist;
				LD_RUNPATH_SEARCH_PATHS = "$(inherited) @executable_path/Frameworks";
				PRODUCT_BUNDLE_IDENTIFIER = QQ206321073.STImgPickerC;
				PRODUCT_NAME = "$(TARGET_NAME)";
			};
			name = Release;
		};
		9EDA9D321E770125008317D3 /* Debug */ = {
			isa = XCBuildConfiguration;
			buildSettings = {
				BUNDLE_LOADER = "$(TEST_HOST)";
				DEVELOPMENT_TEAM = BKME25WU4F;
				INFOPLIST_FILE = STImgPickerCTests/Info.plist;
				LD_RUNPATH_SEARCH_PATHS = "$(inherited) @executable_path/Frameworks @loader_path/Frameworks";
				PRODUCT_BUNDLE_IDENTIFIER = QQ206321073.STImgPickerCTests;
				PRODUCT_NAME = "$(TARGET_NAME)";
				TEST_HOST = "$(BUILT_PRODUCTS_DIR)/STImgPickerC.app/STImgPickerC";
			};
			name = Debug;
		};
		9EDA9D331E770125008317D3 /* Release */ = {
			isa = XCBuildConfiguration;
			buildSettings = {
				BUNDLE_LOADER = "$(TEST_HOST)";
				DEVELOPMENT_TEAM = BKME25WU4F;
				INFOPLIST_FILE = STImgPickerCTests/Info.plist;
				LD_RUNPATH_SEARCH_PATHS = "$(inherited) @executable_path/Frameworks @loader_path/Frameworks";
				PRODUCT_BUNDLE_IDENTIFIER = QQ206321073.STImgPickerCTests;
				PRODUCT_NAME = "$(TARGET_NAME)";
				TEST_HOST = "$(BUILT_PRODUCTS_DIR)/STImgPickerC.app/STImgPickerC";
			};
			name = Release;
		};
		9EDA9D351E770125008317D3 /* Debug */ = {
			isa = XCBuildConfiguration;
			buildSettings = {
				DEVELOPMENT_TEAM = BKME25WU4F;
				INFOPLIST_FILE = STImgPickerCUITests/Info.plist;
				LD_RUNPATH_SEARCH_PATHS = "$(inherited) @executable_path/Frameworks @loader_path/Frameworks";
				PRODUCT_BUNDLE_IDENTIFIER = QQ206321073.STImgPickerCUITests;
				PRODUCT_NAME = "$(TARGET_NAME)";
				TEST_TARGET_NAME = STImgPickerC;
			};
			name = Debug;
		};
		9EDA9D361E770125008317D3 /* Release */ = {
			isa = XCBuildConfiguration;
			buildSettings = {
				DEVELOPMENT_TEAM = BKME25WU4F;
				INFOPLIST_FILE = STImgPickerCUITests/Info.plist;
				LD_RUNPATH_SEARCH_PATHS = "$(inherited) @executable_path/Frameworks @loader_path/Frameworks";
				PRODUCT_BUNDLE_IDENTIFIER = QQ206321073.STImgPickerCUITests;
				PRODUCT_NAME = "$(TARGET_NAME)";
				TEST_TARGET_NAME = STImgPickerC;
			};
			name = Release;
		};
/* End XCBuildConfiguration section */

/* Begin XCConfigurationList section */
		9EDA9CFC1E770124008317D3 /* Build configuration list for PBXProject "STImgPickerC" */ = {
			isa = XCConfigurationList;
			buildConfigurations = (
				9EDA9D2C1E770125008317D3 /* Debug */,
				9EDA9D2D1E770125008317D3 /* Release */,
			);
			defaultConfigurationIsVisible = 0;
			defaultConfigurationName = Release;
		};
		9EDA9D2E1E770125008317D3 /* Build configuration list for PBXNativeTarget "STImgPickerC" */ = {
			isa = XCConfigurationList;
			buildConfigurations = (
				9EDA9D2F1E770125008317D3 /* Debug */,
				9EDA9D301E770125008317D3 /* Release */,
			);
			defaultConfigurationIsVisible = 0;
			defaultConfigurationName = Release;
		};
		9EDA9D311E770125008317D3 /* Build configuration list for PBXNativeTarget "STImgPickerCTests" */ = {
			isa = XCConfigurationList;
			buildConfigurations = (
				9EDA9D321E770125008317D3 /* Debug */,
				9EDA9D331E770125008317D3 /* Release */,
			);
			defaultConfigurationIsVisible = 0;
			defaultConfigurationName = Release;
		};
		9EDA9D341E770125008317D3 /* Build configuration list for PBXNativeTarget "STImgPickerCUITests" */ = {
			isa = XCConfigurationList;
			buildConfigurations = (
				9EDA9D351E770125008317D3 /* Debug */,
				9EDA9D361E770125008317D3 /* Release */,
			);
			defaultConfigurationIsVisible = 0;
			defaultConfigurationName = Release;
		};
/* End XCConfigurationList section */
	};
	rootObject = 9EDA9CF91E770124008317D3 /* Project object */;
}
